// !$*UTF8*$!
{
	archiveVersion = 1;
	classes = {
	};
	objectVersion = 56;
	objects = {

/* Begin PBXBuildFile section */
		8B11BD182BD68E010063A50C /* SigmarOne-Regular.ttf in Resources */ = {isa = PBXBuildFile; fileRef = 8B11BD172BD68E010063A50C /* SigmarOne-Regular.ttf */; };
		8B11BD1E2BD6E5AA0063A50C /* FacebookCore in Frameworks */ = {isa = PBXBuildFile; productRef = 8B11BD1D2BD6E5AA0063A50C /* FacebookCore */; };
		8B11BD242BD7F9580063A50C /* AdSupport.framework in Frameworks */ = {isa = PBXBuildFile; fileRef = 8B11BD232BD7F9580063A50C /* AdSupport.framework */; };
		8B11BD262BD7F9620063A50C /* AppTrackingTransparency.framework in Frameworks */ = {isa = PBXBuildFile; fileRef = 8B11BD252BD7F9620063A50C /* AppTrackingTransparency.framework */; };
		8B5292232BD3774A0022DB9C /* jugglingfruitsApp.swift in Sources */ = {isa = PBXBuildFile; fileRef = 8B5292222BD3774A0022DB9C /* jugglingfruitsApp.swift */; };
		8B5292272BD3774C0022DB9C /* Assets.xcassets in Resources */ = {isa = PBXBuildFile; fileRef = 8B5292262BD3774C0022DB9C /* Assets.xcassets */; };
		8B52922A2BD3774C0022DB9C /* Preview Assets.xcassets in Resources */ = {isa = PBXBuildFile; fileRef = 8B5292292BD3774C0022DB9C /* Preview Assets.xcassets */; };
		8B5292322BD3B0560022DB9C /* GameScene.swift in Sources */ = {isa = PBXBuildFile; fileRef = 8B5292312BD3B0560022DB9C /* GameScene.swift */; };
		8B5292342BD3B06F0022DB9C /* GameSceneView.swift in Sources */ = {isa = PBXBuildFile; fileRef = 8B5292332BD3B06F0022DB9C /* GameSceneView.swift */; };
		8B5292362BD3B09B0022DB9C /* GameOverView.swift in Sources */ = {isa = PBXBuildFile; fileRef = 8B5292352BD3B09B0022DB9C /* GameOverView.swift */; };
		8B5292382BD3B0AB0022DB9C /* StartViewNew.swift in Sources */ = {isa = PBXBuildFile; fileRef = 8B5292372BD3B0AB0022DB9C /* StartViewNew.swift */; };
		8B52923A2BD3B0C10022DB9C /* GameService.swift in Sources */ = {isa = PBXBuildFile; fileRef = 8B5292392BD3B0C10022DB9C /* GameService.swift */; };
/* End PBXBuildFile section */

/* Begin PBXFileReference section */
		8B11BD172BD68E010063A50C /* SigmarOne-Regular.ttf */ = {isa = PBXFileReference; lastKnownFileType = file; path = "SigmarOne-Regular.ttf"; sourceTree = "<group>"; };
		8B11BD232BD7F9580063A50C /* AdSupport.framework */ = {isa = PBXFileReference; lastKnownFileType = wrapper.framework; name = AdSupport.framework; path = System/Library/Frameworks/AdSupport.framework; sourceTree = SDKROOT; };
		8B11BD252BD7F9620063A50C /* AppTrackingTransparency.framework */ = {isa = PBXFileReference; lastKnownFileType = wrapper.framework; name = AppTrackingTransparency.framework; path = System/Library/Frameworks/AppTrackingTransparency.framework; sourceTree = SDKROOT; };
		8B52921F2BD3774A0022DB9C /* jugglingfruits.app */ = {isa = PBXFileReference; explicitFileType = wrapper.application; includeInIndex = 0; path = jugglingfruits.app; sourceTree = BUILT_PRODUCTS_DIR; };
		8B5292222BD3774A0022DB9C /* jugglingfruitsApp.swift */ = {isa = PBXFileReference; lastKnownFileType = sourcecode.swift; path = jugglingfruitsApp.swift; sourceTree = "<group>"; };
		8B5292262BD3774C0022DB9C /* Assets.xcassets */ = {isa = PBXFileReference; lastKnownFileType = folder.assetcatalog; path = Assets.xcassets; sourceTree = "<group>"; };
		8B5292292BD3774C0022DB9C /* Preview Assets.xcassets */ = {isa = PBXFileReference; lastKnownFileType = folder.assetcatalog; path = "Preview Assets.xcassets"; sourceTree = "<group>"; };
		8B5292312BD3B0560022DB9C /* GameScene.swift */ = {isa = PBXFileReference; lastKnownFileType = sourcecode.swift; path = GameScene.swift; sourceTree = "<group>"; };
		8B5292332BD3B06F0022DB9C /* GameSceneView.swift */ = {isa = PBXFileReference; lastKnownFileType = sourcecode.swift; path = GameSceneView.swift; sourceTree = "<group>"; };
		8B5292352BD3B09B0022DB9C /* GameOverView.swift */ = {isa = PBXFileReference; lastKnownFileType = sourcecode.swift; path = GameOverView.swift; sourceTree = "<group>"; };
		8B5292372BD3B0AB0022DB9C /* StartViewNew.swift */ = {isa = PBXFileReference; lastKnownFileType = sourcecode.swift; path = StartViewNew.swift; sourceTree = "<group>"; };
		8B5292392BD3B0C10022DB9C /* GameService.swift */ = {isa = PBXFileReference; lastKnownFileType = sourcecode.swift; path = GameService.swift; sourceTree = "<group>"; };
		8B52923F2BD3B31A0022DB9C /* Info.plist */ = {isa = PBXFileReference; lastKnownFileType = text.plist; path = Info.plist; sourceTree = "<group>"; };
		8B5292412BD3BDF60022DB9C /* jugglingfruits.entitlements */ = {isa = PBXFileReference; lastKnownFileType = text.plist.entitlements; path = jugglingfruits.entitlements; sourceTree = "<group>"; };
/* End PBXFileReference section */

/* Begin PBXFrameworksBuildPhase section */
		8B52921C2BD3774A0022DB9C /* Frameworks */ = {
			isa = PBXFrameworksBuildPhase;
			buildActionMask = 2147483647;
			files = (
				8B11BD262BD7F9620063A50C /* AppTrackingTransparency.framework in Frameworks */,
				8B11BD242BD7F9580063A50C /* AdSupport.framework in Frameworks */,
				8B11BD1E2BD6E5AA0063A50C /* FacebookCore in Frameworks */,
			);
			runOnlyForDeploymentPostprocessing = 0;
		};
/* End PBXFrameworksBuildPhase section */

/* Begin PBXGroup section */
		8B11BD222BD7F9580063A50C /* Frameworks */ = {
			isa = PBXGroup;
			children = (
				8B11BD252BD7F9620063A50C /* AppTrackingTransparency.framework */,
				8B11BD232BD7F9580063A50C /* AdSupport.framework */,
			);
			name = Frameworks;
			sourceTree = "<group>";
		};
		8B5292162BD3774A0022DB9C = {
			isa = PBXGroup;
			children = (
				8B5292212BD3774A0022DB9C /* jugglingfruits */,
				8B5292202BD3774A0022DB9C /* Products */,
				8B11BD222BD7F9580063A50C /* Frameworks */,
			);
			sourceTree = "<group>";
		};
		8B5292202BD3774A0022DB9C /* Products */ = {
			isa = PBXGroup;
			children = (
				8B52921F2BD3774A0022DB9C /* jugglingfruits.app */,
			);
			name = Products;
			sourceTree = "<group>";
		};
		8B5292212BD3774A0022DB9C /* jugglingfruits */ = {
			isa = PBXGroup;
			children = (
				8B5292412BD3BDF60022DB9C /* jugglingfruits.entitlements */,
				8B52923F2BD3B31A0022DB9C /* Info.plist */,
				8B5292332BD3B06F0022DB9C /* GameSceneView.swift */,
				8B5292352BD3B09B0022DB9C /* GameOverView.swift */,
				8B5292222BD3774A0022DB9C /* jugglingfruitsApp.swift */,
				8B11BD172BD68E010063A50C /* SigmarOne-Regular.ttf */,
				8B5292392BD3B0C10022DB9C /* GameService.swift */,
				8B5292372BD3B0AB0022DB9C /* StartViewNew.swift */,
				8B5292312BD3B0560022DB9C /* GameScene.swift */,
				8B5292262BD3774C0022DB9C /* Assets.xcassets */,
				8B5292282BD3774C0022DB9C /* Preview Content */,
			);
			path = jugglingfruits;
			sourceTree = "<group>";
		};
		8B5292282BD3774C0022DB9C /* Preview Content */ = {
			isa = PBXGroup;
			children = (
				8B5292292BD3774C0022DB9C /* Preview Assets.xcassets */,
			);
			path = "Preview Content";
			sourceTree = "<group>";
		};
/* End PBXGroup section */

/* Begin PBXNativeTarget section */
		8B52921E2BD3774A0022DB9C /* jugglingfruits */ = {
			isa = PBXNativeTarget;
			buildConfigurationList = 8B52922D2BD3774C0022DB9C /* Build configuration list for PBXNativeTarget "jugglingfruits" */;
			buildPhases = (
				8B52921B2BD3774A0022DB9C /* Sources */,
				8B52921C2BD3774A0022DB9C /* Frameworks */,
				8B52921D2BD3774A0022DB9C /* Resources */,
			);
			buildRules = (
			);
			dependencies = (
			);
			name = jugglingfruits;
			packageProductDependencies = (
				8B11BD1D2BD6E5AA0063A50C /* FacebookCore */,
			);
			productName = jugglingfruits;
			productReference = 8B52921F2BD3774A0022DB9C /* jugglingfruits.app */;
			productType = "com.apple.product-type.application";
		};
/* End PBXNativeTarget section */

/* Begin PBXProject section */
		8B5292172BD3774A0022DB9C /* Project object */ = {
			isa = PBXProject;
			attributes = {
				BuildIndependentTargetsInParallel = 1;
				LastSwiftUpdateCheck = 1530;
				LastUpgradeCheck = 1530;
				TargetAttributes = {
					8B52921E2BD3774A0022DB9C = {
						CreatedOnToolsVersion = 15.3;
					};
				};
			};
			buildConfigurationList = 8B52921A2BD3774A0022DB9C /* Build configuration list for PBXProject "jugglingfruits" */;
			compatibilityVersion = "Xcode 14.0";
			developmentRegion = en;
			hasScannedForEncodings = 0;
			knownRegions = (
				en,
				Base,
			);
			mainGroup = 8B5292162BD3774A0022DB9C;
			packageReferences = (
				8B11BD1C2BD6E5A90063A50C /* XCRemoteSwiftPackageReference "facebook-ios-sdk" */,
			);
			productRefGroup = 8B5292202BD3774A0022DB9C /* Products */;
			projectDirPath = "";
			projectRoot = "";
			targets = (
				8B52921E2BD3774A0022DB9C /* jugglingfruits */,
			);
		};
/* End PBXProject section */

/* Begin PBXResourcesBuildPhase section */
		8B52921D2BD3774A0022DB9C /* Resources */ = {
			isa = PBXResourcesBuildPhase;
			buildActionMask = 2147483647;
			files = (
				8B52922A2BD3774C0022DB9C /* Preview Assets.xcassets in Resources */,
				8B5292272BD3774C0022DB9C /* Assets.xcassets in Resources */,
				8B11BD182BD68E010063A50C /* SigmarOne-Regular.ttf in Resources */,
			);
			runOnlyForDeploymentPostprocessing = 0;
		};
/* End PBXResourcesBuildPhase section */

/* Begin PBXSourcesBuildPhase section */
		8B52921B2BD3774A0022DB9C /* Sources */ = {
			isa = PBXSourcesBuildPhase;
			buildActionMask = 2147483647;
			files = (
				8B5292362BD3B09B0022DB9C /* GameOverView.swift in Sources */,
				8B52923A2BD3B0C10022DB9C /* GameService.swift in Sources */,
				8B5292322BD3B0560022DB9C /* GameScene.swift in Sources */,
				8B5292382BD3B0AB0022DB9C /* StartViewNew.swift in Sources */,
				8B5292342BD3B06F0022DB9C /* GameSceneView.swift in Sources */,
				8B5292232BD3774A0022DB9C /* jugglingfruitsApp.swift in Sources */,
			);
			runOnlyForDeploymentPostprocessing = 0;
		};
/* End PBXSourcesBuildPhase section */

/* Begin XCBuildConfiguration section */
		8B52922B2BD3774C0022DB9C /* Debug */ = {
			isa = XCBuildConfiguration;
			buildSettings = {
				ALWAYS_SEARCH_USER_PATHS = NO;
				ASSETCATALOG_COMPILER_GENERATE_SWIFT_ASSET_SYMBOL_EXTENSIONS = YES;
				CLANG_ANALYZER_NONNULL = YES;
				CLANG_ANALYZER_NUMBER_OBJECT_CONVERSION = YES_AGGRESSIVE;
				CLANG_CXX_LANGUAGE_STANDARD = "gnu++20";
				CLANG_ENABLE_MODULES = YES;
				CLANG_ENABLE_OBJC_ARC = YES;
				CLANG_ENABLE_OBJC_WEAK = YES;
				CLANG_WARN_BLOCK_CAPTURE_AUTORELEASING = YES;
				CLANG_WARN_BOOL_CONVERSION = YES;
				CLANG_WARN_COMMA = YES;
				CLANG_WARN_CONSTANT_CONVERSION = YES;
				CLANG_WARN_DEPRECATED_OBJC_IMPLEMENTATIONS = YES;
				CLANG_WARN_DIRECT_OBJC_ISA_USAGE = YES_ERROR;
				CLANG_WARN_DOCUMENTATION_COMMENTS = YES;
				CLANG_WARN_EMPTY_BODY = YES;
				CLANG_WARN_ENUM_CONVERSION = YES;
				CLANG_WARN_INFINITE_RECURSION = YES;
				CLANG_WARN_INT_CONVERSION = YES;
				CLANG_WARN_NON_LITERAL_NULL_CONVERSION = YES;
				CLANG_WARN_OBJC_IMPLICIT_RETAIN_SELF = YES;
				CLANG_WARN_OBJC_LITERAL_CONVERSION = YES;
				CLANG_WARN_OBJC_ROOT_CLASS = YES_ERROR;
				CLANG_WARN_QUOTED_INCLUDE_IN_FRAMEWORK_HEADER = YES;
				CLANG_WARN_RANGE_LOOP_ANALYSIS = YES;
				CLANG_WARN_STRICT_PROTOTYPES = YES;
				CLANG_WARN_SUSPICIOUS_MOVE = YES;
				CLANG_WARN_UNGUARDED_AVAILABILITY = YES_AGGRESSIVE;
				CLANG_WARN_UNREACHABLE_CODE = YES;
				CLANG_WARN__DUPLICATE_METHOD_MATCH = YES;
				COPY_PHASE_STRIP = NO;
				DEBUG_INFORMATION_FORMAT = dwarf;
				ENABLE_STRICT_OBJC_MSGSEND = YES;
				ENABLE_TESTABILITY = YES;
				ENABLE_USER_SCRIPT_SANDBOXING = YES;
				GCC_C_LANGUAGE_STANDARD = gnu17;
				GCC_DYNAMIC_NO_PIC = NO;
				GCC_NO_COMMON_BLOCKS = YES;
				GCC_OPTIMIZATION_LEVEL = 0;
				GCC_PREPROCESSOR_DEFINITIONS = (
					"DEBUG=1",
					"$(inherited)",
				);
				GCC_WARN_64_TO_32_BIT_CONVERSION = YES;
				GCC_WARN_ABOUT_RETURN_TYPE = YES_ERROR;
				GCC_WARN_UNDECLARED_SELECTOR = YES;
				GCC_WARN_UNINITIALIZED_AUTOS = YES_AGGRESSIVE;
				GCC_WARN_UNUSED_FUNCTION = YES;
				GCC_WARN_UNUSED_VARIABLE = YES;
				IPHONEOS_DEPLOYMENT_TARGET = 17.4;
				LOCALIZATION_PREFERS_STRING_CATALOGS = YES;
				MTL_ENABLE_DEBUG_INFO = INCLUDE_SOURCE;
				MTL_FAST_MATH = YES;
				ONLY_ACTIVE_ARCH = YES;
				SDKROOT = iphoneos;
				SWIFT_ACTIVE_COMPILATION_CONDITIONS = "DEBUG $(inherited)";
				SWIFT_OPTIMIZATION_LEVEL = "-Onone";
			};
			name = Debug;
		};
		8B52922C2BD3774C0022DB9C /* Release */ = {
			isa = XCBuildConfiguration;
			buildSettings = {
				ALWAYS_SEARCH_USER_PATHS = NO;
				ASSETCATALOG_COMPILER_GENERATE_SWIFT_ASSET_SYMBOL_EXTENSIONS = YES;
				CLANG_ANALYZER_NONNULL = YES;
				CLANG_ANALYZER_NUMBER_OBJECT_CONVERSION = YES_AGGRESSIVE;
				CLANG_CXX_LANGUAGE_STANDARD = "gnu++20";
				CLANG_ENABLE_MODULES = YES;
				CLANG_ENABLE_OBJC_ARC = YES;
				CLANG_ENABLE_OBJC_WEAK = YES;
				CLANG_WARN_BLOCK_CAPTURE_AUTORELEASING = YES;
				CLANG_WARN_BOOL_CONVERSION = YES;
				CLANG_WARN_COMMA = YES;
				CLANG_WARN_CONSTANT_CONVERSION = YES;
				CLANG_WARN_DEPRECATED_OBJC_IMPLEMENTATIONS = YES;
				CLANG_WARN_DIRECT_OBJC_ISA_USAGE = YES_ERROR;
				CLANG_WARN_DOCUMENTATION_COMMENTS = YES;
				CLANG_WARN_EMPTY_BODY = YES;
				CLANG_WARN_ENUM_CONVERSION = YES;
				CLANG_WARN_INFINITE_RECURSION = YES;
				CLANG_WARN_INT_CONVERSION = YES;
				CLANG_WARN_NON_LITERAL_NULL_CONVERSION = YES;
				CLANG_WARN_OBJC_IMPLICIT_RETAIN_SELF = YES;
				CLANG_WARN_OBJC_LITERAL_CONVERSION = YES;
				CLANG_WARN_OBJC_ROOT_CLASS = YES_ERROR;
				CLANG_WARN_QUOTED_INCLUDE_IN_FRAMEWORK_HEADER = YES;
				CLANG_WARN_RANGE_LOOP_ANALYSIS = YES;
				CLANG_WARN_STRICT_PROTOTYPES = YES;
				CLANG_WARN_SUSPICIOUS_MOVE = YES;
				CLANG_WARN_UNGUARDED_AVAILABILITY = YES_AGGRESSIVE;
				CLANG_WARN_UNREACHABLE_CODE = YES;
				CLANG_WARN__DUPLICATE_METHOD_MATCH = YES;
				COPY_PHASE_STRIP = NO;
				DEBUG_INFORMATION_FORMAT = "dwarf-with-dsym";
				ENABLE_NS_ASSERTIONS = NO;
				ENABLE_STRICT_OBJC_MSGSEND = YES;
				ENABLE_USER_SCRIPT_SANDBOXING = YES;
				GCC_C_LANGUAGE_STANDARD = gnu17;
				GCC_NO_COMMON_BLOCKS = YES;
				GCC_WARN_64_TO_32_BIT_CONVERSION = YES;
				GCC_WARN_ABOUT_RETURN_TYPE = YES_ERROR;
				GCC_WARN_UNDECLARED_SELECTOR = YES;
				GCC_WARN_UNINITIALIZED_AUTOS = YES_AGGRESSIVE;
				GCC_WARN_UNUSED_FUNCTION = YES;
				GCC_WARN_UNUSED_VARIABLE = YES;
				IPHONEOS_DEPLOYMENT_TARGET = 17.4;
				LOCALIZATION_PREFERS_STRING_CATALOGS = YES;
				MTL_ENABLE_DEBUG_INFO = NO;
				MTL_FAST_MATH = YES;
				SDKROOT = iphoneos;
				SWIFT_COMPILATION_MODE = wholemodule;
				VALIDATE_PRODUCT = YES;
			};
			name = Release;
		};
		8B52922E2BD3774C0022DB9C /* Debug */ = {
			isa = XCBuildConfiguration;
			buildSettings = {
				ASSETCATALOG_COMPILER_APPICON_NAME = AppIcon;
				ASSETCATALOG_COMPILER_GLOBAL_ACCENT_COLOR_NAME = AccentColor;
				CODE_SIGN_ENTITLEMENTS = jugglingfruits/jugglingfruits.entitlements;
				CODE_SIGN_STYLE = Automatic;
				CURRENT_PROJECT_VERSION = 1;
				DEVELOPMENT_ASSET_PATHS = "\"jugglingfruits/Preview Content\"";
				DEVELOPMENT_TEAM = JZNPKB7CRS;
				ENABLE_PREVIEWS = YES;
				GENERATE_INFOPLIST_FILE = YES;
				INFOPLIST_FILE = jugglingfruits/Info.plist;
				INFOPLIST_KEY_LSApplicationCategoryType = "public.app-category.arcade-games";
				INFOPLIST_KEY_UIApplicationSceneManifest_Generation = YES;
				INFOPLIST_KEY_UIApplicationSupportsIndirectInputEvents = YES;
				INFOPLIST_KEY_UILaunchScreen_Generation = YES;
				INFOPLIST_KEY_UISupportedInterfaceOrientations_iPad = "UIInterfaceOrientationPortrait UIInterfaceOrientationPortraitUpsideDown UIInterfaceOrientationLandscapeLeft UIInterfaceOrientationLandscapeRight";
				INFOPLIST_KEY_UISupportedInterfaceOrientations_iPhone = "UIInterfaceOrientationPortrait UIInterfaceOrientationLandscapeLeft UIInterfaceOrientationLandscapeRight";
				IPHONEOS_DEPLOYMENT_TARGET = 16.0;
				LD_RUNPATH_SEARCH_PATHS = (
					"$(inherited)",
					"@executable_path/Frameworks",
				);
				MARKETING_VERSION = 1.0;
				PRODUCT_BUNDLE_IDENTIFIER = com.candidohdiego.fruitball;
				PRODUCT_NAME = "$(TARGET_NAME)";
				SUPPORTED_PLATFORMS = "iphoneos iphonesimulator";
				SUPPORTS_MACCATALYST = NO;
				SWIFT_EMIT_LOC_STRINGS = YES;
				SWIFT_VERSION = 5.0;
				TARGETED_DEVICE_FAMILY = 1;
			};
			name = Debug;
		};
		8B52922F2BD3774C0022DB9C /* Release */ = {
			isa = XCBuildConfiguration;
			buildSettings = {
				ASSETCATALOG_COMPILER_APPICON_NAME = AppIcon;
				ASSETCATALOG_COMPILER_GLOBAL_ACCENT_COLOR_NAME = AccentColor;
				CODE_SIGN_ENTITLEMENTS = jugglingfruits/jugglingfruits.entitlements;
				CODE_SIGN_STYLE = Automatic;
				CURRENT_PROJECT_VERSION = 1;
				DEVELOPMENT_ASSET_PATHS = "\"jugglingfruits/Preview Content\"";
				DEVELOPMENT_TEAM = JZNPKB7CRS;
				ENABLE_PREVIEWS = YES;
				GENERATE_INFOPLIST_FILE = YES;
				INFOPLIST_FILE = jugglingfruits/Info.plist;
				INFOPLIST_KEY_LSApplicationCategoryType = "public.app-category.arcade-games";
				INFOPLIST_KEY_UIApplicationSceneManifest_Generation = YES;
				INFOPLIST_KEY_UIApplicationSupportsIndirectInputEvents = YES;
				INFOPLIST_KEY_UILaunchScreen_Generation = YES;
				INFOPLIST_KEY_UISupportedInterfaceOrientations_iPad = "UIInterfaceOrientationPortrait UIInterfaceOrientationPortraitUpsideDown UIInterfaceOrientationLandscapeLeft UIInterfaceOrientationLandscapeRight";
				INFOPLIST_KEY_UISupportedInterfaceOrientations_iPhone = "UIInterfaceOrientationPortrait UIInterfaceOrientationLandscapeLeft UIInterfaceOrientationLandscapeRight";
				IPHONEOS_DEPLOYMENT_TARGET = 16.0;
				LD_RUNPATH_SEARCH_PATHS = (
					"$(inherited)",
					"@executable_path/Frameworks",
				);
				MARKETING_VERSION = 1.0;
				PRODUCT_BUNDLE_IDENTIFIER = com.candidohdiego.fruitball;
				PRODUCT_NAME = "$(TARGET_NAME)";
				SUPPORTED_PLATFORMS = "iphoneos iphonesimulator";
				SUPPORTS_MACCATALYST = NO;
				SWIFT_EMIT_LOC_STRINGS = YES;
				SWIFT_VERSION = 5.0;
				TARGETED_DEVICE_FAMILY = 1;
			};
			name = Release;
		};
/* End XCBuildConfiguration section */

/* Begin XCConfigurationList section */
		8B52921A2BD3774A0022DB9C /* Build configuration list for PBXProject "jugglingfruits" */ = {
			isa = XCConfigurationList;
			buildConfigurations = (
				8B52922B2BD3774C0022DB9C /* Debug */,
				8B52922C2BD3774C0022DB9C /* Release */,
			);
			defaultConfigurationIsVisible = 0;
			defaultConfigurationName = Release;
		};
		8B52922D2BD3774C0022DB9C /* Build configuration list for PBXNativeTarget "jugglingfruits" */ = {
			isa = XCConfigurationList;
			buildConfigurations = (
				8B52922E2BD3774C0022DB9C /* Debug */,
				8B52922F2BD3774C0022DB9C /* Release */,
			);
			defaultConfigurationIsVisible = 0;
			defaultConfigurationName = Release;
		};
/* End XCConfigurationList section */

/* Begin XCRemoteSwiftPackageReference section */
		8B11BD1C2BD6E5A90063A50C /* XCRemoteSwiftPackageReference "facebook-ios-sdk" */ = {
			isa = XCRemoteSwiftPackageReference;
			repositoryURL = "https://github.com/facebook/facebook-ios-sdk";
			requirement = {
				kind = upToNextMajorVersion;
				minimumVersion = 17.0.0;
			};
		};
/* End XCRemoteSwiftPackageReference section */

/* Begin XCSwiftPackageProductDependency section */
		8B11BD1D2BD6E5AA0063A50C /* FacebookCore */ = {
			isa = XCSwiftPackageProductDependency;
			package = 8B11BD1C2BD6E5A90063A50C /* XCRemoteSwiftPackageReference "facebook-ios-sdk" */;
			productName = FacebookCore;
		};
/* End XCSwiftPackageProductDependency section */
	};
	rootObject = 8B5292172BD3774A0022DB9C /* Project object */;
}
